// !$*UTF8*$!
{
	archiveVersion = 1;
	classes = {
	};
	objectVersion = 52;
	objects = {

/* Begin PBXBuildFile section */
		0D2010DB25E7F7C1008911E9 /* SnapshotDemoTodoListApp.swift in Sources */ = {isa = PBXBuildFile; fileRef = 0D2010C825E7F7C0008911E9 /* SnapshotDemoTodoListApp.swift */; };
		0D2010DD25E7F7C1008911E9 /* ContentView.swift in Sources */ = {isa = PBXBuildFile; fileRef = 0D2010C925E7F7C0008911E9 /* ContentView.swift */; };
		0D2010DF25E7F7C1008911E9 /* Assets.xcassets in Resources */ = {isa = PBXBuildFile; fileRef = 0D2010CA25E7F7C1008911E9 /* Assets.xcassets */; };
		0D2010F325E7FA66008911E9 /* Item.swift in Sources */ = {isa = PBXBuildFile; fileRef = 0D2010F225E7FA66008911E9 /* Item.swift */; };
		0D2010F825E7FB3B008911E9 /* ItemStore.swift in Sources */ = {isa = PBXBuildFile; fileRef = 0D2010F725E7FB3B008911E9 /* ItemStore.swift */; };
		0D2010FD25E7FBBD008911E9 /* TodoList.swift in Sources */ = {isa = PBXBuildFile; fileRef = 0D2010FC25E7FBBD008911E9 /* TodoList.swift */; };
		0D20111125E805F8008911E9 /* SnapshotTesting in Frameworks */ = {isa = PBXBuildFile; productRef = 0D20111025E805F8008911E9 /* SnapshotTesting */; };
		0D20111825E806CD008911E9 /* TodoListTest.swift in Sources */ = {isa = PBXBuildFile; fileRef = 0D20111725E806CD008911E9 /* TodoListTest.swift */; };
/* End PBXBuildFile section */

/* Begin PBXContainerItemProxy section */
		0D20110825E80543008911E9 /* PBXContainerItemProxy */ = {
			isa = PBXContainerItemProxy;
			containerPortal = 0D2010C325E7F7C0008911E9 /* Project object */;
			proxyType = 1;
			remoteGlobalIDString = 0D2010CE25E7F7C1008911E9;
			remoteInfo = "SnapshotDemoTodoList (iOS)";
		};
/* End PBXContainerItemProxy section */

/* Begin PBXFileReference section */
		0D2010C825E7F7C0008911E9 /* SnapshotDemoTodoListApp.swift */ = {isa = PBXFileReference; lastKnownFileType = sourcecode.swift; path = SnapshotDemoTodoListApp.swift; sourceTree = "<group>"; };
		0D2010C925E7F7C0008911E9 /* ContentView.swift */ = {isa = PBXFileReference; lastKnownFileType = sourcecode.swift; path = ContentView.swift; sourceTree = "<group>"; };
		0D2010CA25E7F7C1008911E9 /* Assets.xcassets */ = {isa = PBXFileReference; lastKnownFileType = folder.assetcatalog; path = Assets.xcassets; sourceTree = "<group>"; };
		0D2010CF25E7F7C1008911E9 /* SnapshotDemoTodoList.app */ = {isa = PBXFileReference; explicitFileType = wrapper.application; includeInIndex = 0; path = SnapshotDemoTodoList.app; sourceTree = BUILT_PRODUCTS_DIR; };
		0D2010D225E7F7C1008911E9 /* Info.plist */ = {isa = PBXFileReference; lastKnownFileType = text.plist.xml; path = Info.plist; sourceTree = "<group>"; };
		0D2010F225E7FA66008911E9 /* Item.swift */ = {isa = PBXFileReference; lastKnownFileType = sourcecode.swift; path = Item.swift; sourceTree = "<group>"; };
		0D2010F725E7FB3B008911E9 /* ItemStore.swift */ = {isa = PBXFileReference; lastKnownFileType = sourcecode.swift; path = ItemStore.swift; sourceTree = "<group>"; };
		0D2010FC25E7FBBD008911E9 /* TodoList.swift */ = {isa = PBXFileReference; lastKnownFileType = sourcecode.swift; path = TodoList.swift; sourceTree = "<group>"; };
		0D20110325E80543008911E9 /* SnapshotDemoTodoListTests.xctest */ = {isa = PBXFileReference; explicitFileType = wrapper.cfbundle; includeInIndex = 0; path = SnapshotDemoTodoListTests.xctest; sourceTree = BUILT_PRODUCTS_DIR; };
		0D20110725E80543008911E9 /* Info.plist */ = {isa = PBXFileReference; lastKnownFileType = text.plist.xml; path = Info.plist; sourceTree = "<group>"; };
		0D20111725E806CD008911E9 /* TodoListTest.swift */ = {isa = PBXFileReference; lastKnownFileType = sourcecode.swift; path = TodoListTest.swift; sourceTree = "<group>"; };
/* End PBXFileReference section */

/* Begin PBXFrameworksBuildPhase section */
		0D2010CC25E7F7C1008911E9 /* Frameworks */ = {
			isa = PBXFrameworksBuildPhase;
			buildActionMask = 2147483647;
			files = (
			);
			runOnlyForDeploymentPostprocessing = 0;
		};
		0D20110025E80543008911E9 /* Frameworks */ = {
			isa = PBXFrameworksBuildPhase;
			buildActionMask = 2147483647;
			files = (
				0D20111125E805F8008911E9 /* SnapshotTesting in Frameworks */,
			);
			runOnlyForDeploymentPostprocessing = 0;
		};
/* End PBXFrameworksBuildPhase section */

/* Begin PBXGroup section */
		0D2010C225E7F7C0008911E9 = {
			isa = PBXGroup;
			children = (
				0D2010C725E7F7C0008911E9 /* SnapshotDemoTodoList */,
				0D2010D125E7F7C1008911E9 /* iOS */,
				0D20110425E80543008911E9 /* SnapshotDemoTodoListTests */,
				0D2010D025E7F7C1008911E9 /* Products */,
			);
			sourceTree = "<group>";
		};
		0D2010C725E7F7C0008911E9 /* SnapshotDemoTodoList */ = {
			isa = PBXGroup;
			children = (
				0D2010FB25E7FB9E008911E9 /* Views */,
				0D2010F625E7FA87008911E9 /* Data */,
				0D2010F125E7FA53008911E9 /* Models */,
				0D2010C825E7F7C0008911E9 /* SnapshotDemoTodoListApp.swift */,
				0D2010C925E7F7C0008911E9 /* ContentView.swift */,
				0D2010CA25E7F7C1008911E9 /* Assets.xcassets */,
			);
			path = SnapshotDemoTodoList;
			sourceTree = "<group>";
		};
		0D2010D025E7F7C1008911E9 /* Products */ = {
			isa = PBXGroup;
			children = (
				0D2010CF25E7F7C1008911E9 /* SnapshotDemoTodoList.app */,
				0D20110325E80543008911E9 /* SnapshotDemoTodoListTests.xctest */,
			);
			name = Products;
			sourceTree = "<group>";
		};
		0D2010D125E7F7C1008911E9 /* iOS */ = {
			isa = PBXGroup;
			children = (
				0D2010D225E7F7C1008911E9 /* Info.plist */,
			);
			path = iOS;
			sourceTree = "<group>";
		};
		0D2010F125E7FA53008911E9 /* Models */ = {
			isa = PBXGroup;
			children = (
				0D2010F225E7FA66008911E9 /* Item.swift */,
			);
			path = Models;
			sourceTree = "<group>";
		};
		0D2010F625E7FA87008911E9 /* Data */ = {
			isa = PBXGroup;
			children = (
				0D2010F725E7FB3B008911E9 /* ItemStore.swift */,
			);
			path = Data;
			sourceTree = "<group>";
		};
		0D2010FB25E7FB9E008911E9 /* Views */ = {
			isa = PBXGroup;
			children = (
				0D2010FC25E7FBBD008911E9 /* TodoList.swift */,
			);
			path = Views;
			sourceTree = "<group>";
		};
		0D20110425E80543008911E9 /* SnapshotDemoTodoListTests */ = {
			isa = PBXGroup;
			children = (
				0D20111625E80669008911E9 /* Views */,
				0D20110725E80543008911E9 /* Info.plist */,
			);
			path = SnapshotDemoTodoListTests;
			sourceTree = "<group>";
		};
		0D20111625E80669008911E9 /* Views */ = {
			isa = PBXGroup;
			children = (
				0D20111725E806CD008911E9 /* TodoListTest.swift */,
			);
			path = Views;
			sourceTree = "<group>";
		};
/* End PBXGroup section */

/* Begin PBXNativeTarget section */
		0D2010CE25E7F7C1008911E9 /* SnapshotDemoTodoList (iOS) */ = {
			isa = PBXNativeTarget;
			buildConfigurationList = 0D2010E325E7F7C1008911E9 /* Build configuration list for PBXNativeTarget "SnapshotDemoTodoList (iOS)" */;
			buildPhases = (
				0D2010CB25E7F7C1008911E9 /* Sources */,
				0D2010CC25E7F7C1008911E9 /* Frameworks */,
				0D2010CD25E7F7C1008911E9 /* Resources */,
			);
			buildRules = (
			);
			dependencies = (
			);
			name = "SnapshotDemoTodoList (iOS)";
			productName = "SnapshotDemoTodoList (iOS)";
			productReference = 0D2010CF25E7F7C1008911E9 /* SnapshotDemoTodoList.app */;
			productType = "com.apple.product-type.application";
		};
		0D20110225E80543008911E9 /* SnapshotDemoTodoListTests */ = {
			isa = PBXNativeTarget;
			buildConfigurationList = 0D20110A25E80543008911E9 /* Build configuration list for PBXNativeTarget "SnapshotDemoTodoListTests" */;
			buildPhases = (
				0D2010FF25E80543008911E9 /* Sources */,
				0D20110025E80543008911E9 /* Frameworks */,
				0D20110125E80543008911E9 /* Resources */,
			);
			buildRules = (
			);
			dependencies = (
				0D20110925E80543008911E9 /* PBXTargetDependency */,
			);
			name = SnapshotDemoTodoListTests;
			packageProductDependencies = (
				0D20111025E805F8008911E9 /* SnapshotTesting */,
			);
			productName = SnapshotDemoTodoListTests;
			productReference = 0D20110325E80543008911E9 /* SnapshotDemoTodoListTests.xctest */;
			productType = "com.apple.product-type.bundle.unit-test";
		};
/* End PBXNativeTarget section */

/* Begin PBXProject section */
		0D2010C325E7F7C0008911E9 /* Project object */ = {
			isa = PBXProject;
			attributes = {
				LastSwiftUpdateCheck = 1240;
				LastUpgradeCheck = 1240;
				TargetAttributes = {
					0D2010CE25E7F7C1008911E9 = {
						CreatedOnToolsVersion = 12.4;
					};
					0D20110225E80543008911E9 = {
						CreatedOnToolsVersion = 12.4;
						LastSwiftMigration = 1240;
						TestTargetID = 0D2010CE25E7F7C1008911E9;
					};
				};
			};
			buildConfigurationList = 0D2010C625E7F7C0008911E9 /* Build configuration list for PBXProject "SnapshotDemoTodoList" */;
			compatibilityVersion = "Xcode 9.3";
			developmentRegion = en;
			hasScannedForEncodings = 0;
			knownRegions = (
				en,
				Base,
			);
			mainGroup = 0D2010C225E7F7C0008911E9;
			packageReferences = (
				0D20110F25E805F8008911E9 /* XCRemoteSwiftPackageReference "swift-snapshot-testing" */,
			);
			productRefGroup = 0D2010D025E7F7C1008911E9 /* Products */;
			projectDirPath = "";
			projectRoot = "";
			targets = (
				0D2010CE25E7F7C1008911E9 /* SnapshotDemoTodoList (iOS) */,
				0D20110225E80543008911E9 /* SnapshotDemoTodoListTests */,
			);
		};
/* End PBXProject section */

/* Begin PBXResourcesBuildPhase section */
		0D2010CD25E7F7C1008911E9 /* Resources */ = {
			isa = PBXResourcesBuildPhase;
			buildActionMask = 2147483647;
			files = (
				0D2010DF25E7F7C1008911E9 /* Assets.xcassets in Resources */,
			);
			runOnlyForDeploymentPostprocessing = 0;
		};
		0D20110125E80543008911E9 /* Resources */ = {
			isa = PBXResourcesBuildPhase;
			buildActionMask = 2147483647;
			files = (
			);
			runOnlyForDeploymentPostprocessing = 0;
		};
/* End PBXResourcesBuildPhase section */

/* Begin PBXSourcesBuildPhase section */
		0D2010CB25E7F7C1008911E9 /* Sources */ = {
			isa = PBXSourcesBuildPhase;
			buildActionMask = 2147483647;
			files = (
				0D2010FD25E7FBBD008911E9 /* TodoList.swift in Sources */,
				0D2010DD25E7F7C1008911E9 /* ContentView.swift in Sources */,
				0D2010F325E7FA66008911E9 /* Item.swift in Sources */,
				0D2010F825E7FB3B008911E9 /* ItemStore.swift in Sources */,
				0D2010DB25E7F7C1008911E9 /* SnapshotDemoTodoListApp.swift in Sources */,
			);
			runOnlyForDeploymentPostprocessing = 0;
		};
		0D2010FF25E80543008911E9 /* Sources */ = {
			isa = PBXSourcesBuildPhase;
			buildActionMask = 2147483647;
			files = (
				0D20111825E806CD008911E9 /* TodoListTest.swift in Sources */,
			);
			runOnlyForDeploymentPostprocessing = 0;
		};
/* End PBXSourcesBuildPhase section */

/* Begin PBXTargetDependency section */
		0D20110925E80543008911E9 /* PBXTargetDependency */ = {
			isa = PBXTargetDependency;
			target = 0D2010CE25E7F7C1008911E9 /* SnapshotDemoTodoList (iOS) */;
			targetProxy = 0D20110825E80543008911E9 /* PBXContainerItemProxy */;
		};
/* End PBXTargetDependency section */

/* Begin XCBuildConfiguration section */
		0D2010E125E7F7C1008911E9 /* Debug */ = {
			isa = XCBuildConfiguration;
			buildSettings = {
				ALWAYS_SEARCH_USER_PATHS = NO;
				CLANG_ANALYZER_NONNULL = YES;
				CLANG_ANALYZER_NUMBER_OBJECT_CONVERSION = YES_AGGRESSIVE;
				CLANG_CXX_LANGUAGE_STANDARD = "gnu++14";
				CLANG_CXX_LIBRARY = "libc++";
				CLANG_ENABLE_MODULES = YES;
				CLANG_ENABLE_OBJC_ARC = YES;
				CLANG_ENABLE_OBJC_WEAK = YES;
				CLANG_WARN_BLOCK_CAPTURE_AUTORELEASING = YES;
				CLANG_WARN_BOOL_CONVERSION = YES;
				CLANG_WARN_COMMA = YES;
				CLANG_WARN_CONSTANT_CONVERSION = YES;
				CLANG_WARN_DEPRECATED_OBJC_IMPLEMENTATIONS = YES;
				CLANG_WARN_DIRECT_OBJC_ISA_USAGE = YES_ERROR;
				CLANG_WARN_DOCUMENTATION_COMMENTS = YES;
				CLANG_WARN_EMPTY_BODY = YES;
				CLANG_WARN_ENUM_CONVERSION = YES;
				CLANG_WARN_INFINITE_RECURSION = YES;
				CLANG_WARN_INT_CONVERSION = YES;
				CLANG_WARN_NON_LITERAL_NULL_CONVERSION = YES;
				CLANG_WARN_OBJC_IMPLICIT_RETAIN_SELF = YES;
				CLANG_WARN_OBJC_LITERAL_CONVERSION = YES;
				CLANG_WARN_OBJC_ROOT_CLASS = YES_ERROR;
				CLANG_WARN_QUOTED_INCLUDE_IN_FRAMEWORK_HEADER = YES;
				CLANG_WARN_RANGE_LOOP_ANALYSIS = YES;
				CLANG_WARN_STRICT_PROTOTYPES = YES;
				CLANG_WARN_SUSPICIOUS_MOVE = YES;
				CLANG_WARN_UNGUARDED_AVAILABILITY = YES_AGGRESSIVE;
				CLANG_WARN_UNREACHABLE_CODE = YES;
				CLANG_WARN__DUPLICATE_METHOD_MATCH = YES;
				COPY_PHASE_STRIP = NO;
				DEBUG_INFORMATION_FORMAT = dwarf;
				ENABLE_STRICT_OBJC_MSGSEND = YES;
				ENABLE_TESTABILITY = YES;
				GCC_C_LANGUAGE_STANDARD = gnu11;
				GCC_DYNAMIC_NO_PIC = NO;
				GCC_NO_COMMON_BLOCKS = YES;
				GCC_OPTIMIZATION_LEVEL = 0;
				GCC_PREPROCESSOR_DEFINITIONS = (
					"DEBUG=1",
					"$(inherited)",
				);
				GCC_WARN_64_TO_32_BIT_CONVERSION = YES;
				GCC_WARN_ABOUT_RETURN_TYPE = YES_ERROR;
				GCC_WARN_UNDECLARED_SELECTOR = YES;
				GCC_WARN_UNINITIALIZED_AUTOS = YES_AGGRESSIVE;
				GCC_WARN_UNUSED_FUNCTION = YES;
				GCC_WARN_UNUSED_VARIABLE = YES;
				MTL_ENABLE_DEBUG_INFO = INCLUDE_SOURCE;
				MTL_FAST_MATH = YES;
				ONLY_ACTIVE_ARCH = YES;
				SWIFT_ACTIVE_COMPILATION_CONDITIONS = DEBUG;
				SWIFT_OPTIMIZATION_LEVEL = "-Onone";
			};
			name = Debug;
		};
		0D2010E225E7F7C1008911E9 /* Release */ = {
			isa = XCBuildConfiguration;
			buildSettings = {
				ALWAYS_SEARCH_USER_PATHS = NO;
				CLANG_ANALYZER_NONNULL = YES;
				CLANG_ANALYZER_NUMBER_OBJECT_CONVERSION = YES_AGGRESSIVE;
				CLANG_CXX_LANGUAGE_STANDARD = "gnu++14";
				CLANG_CXX_LIBRARY = "libc++";
				CLANG_ENABLE_MODULES = YES;
				CLANG_ENABLE_OBJC_ARC = YES;
				CLANG_ENABLE_OBJC_WEAK = YES;
				CLANG_WARN_BLOCK_CAPTURE_AUTORELEASING = YES;
				CLANG_WARN_BOOL_CONVERSION = YES;
				CLANG_WARN_COMMA = YES;
				CLANG_WARN_CONSTANT_CONVERSION = YES;
				CLANG_WARN_DEPRECATED_OBJC_IMPLEMENTATIONS = YES;
				CLANG_WARN_DIRECT_OBJC_ISA_USAGE = YES_ERROR;
				CLANG_WARN_DOCUMENTATION_COMMENTS = YES;
				CLANG_WARN_EMPTY_BODY = YES;
				CLANG_WARN_ENUM_CONVERSION = YES;
				CLANG_WARN_INFINITE_RECURSION = YES;
				CLANG_WARN_INT_CONVERSION = YES;
				CLANG_WARN_NON_LITERAL_NULL_CONVERSION = YES;
				CLANG_WARN_OBJC_IMPLICIT_RETAIN_SELF = YES;
				CLANG_WARN_OBJC_LITERAL_CONVERSION = YES;
				CLANG_WARN_OBJC_ROOT_CLASS = YES_ERROR;
				CLANG_WARN_QUOTED_INCLUDE_IN_FRAMEWORK_HEADER = YES;
				CLANG_WARN_RANGE_LOOP_ANALYSIS = YES;
				CLANG_WARN_STRICT_PROTOTYPES = YES;
				CLANG_WARN_SUSPICIOUS_MOVE = YES;
				CLANG_WARN_UNGUARDED_AVAILABILITY = YES_AGGRESSIVE;
				CLANG_WARN_UNREACHABLE_CODE = YES;
				CLANG_WARN__DUPLICATE_METHOD_MATCH = YES;
				COPY_PHASE_STRIP = NO;
				DEBUG_INFORMATION_FORMAT = "dwarf-with-dsym";
				ENABLE_NS_ASSERTIONS = NO;
				ENABLE_STRICT_OBJC_MSGSEND = YES;
				GCC_C_LANGUAGE_STANDARD = gnu11;
				GCC_NO_COMMON_BLOCKS = YES;
				GCC_WARN_64_TO_32_BIT_CONVERSION = YES;
				GCC_WARN_ABOUT_RETURN_TYPE = YES_ERROR;
				GCC_WARN_UNDECLARED_SELECTOR = YES;
				GCC_WARN_UNINITIALIZED_AUTOS = YES_AGGRESSIVE;
				GCC_WARN_UNUSED_FUNCTION = YES;
				GCC_WARN_UNUSED_VARIABLE = YES;
				MTL_ENABLE_DEBUG_INFO = NO;
				MTL_FAST_MATH = YES;
				SWIFT_COMPILATION_MODE = wholemodule;
				SWIFT_OPTIMIZATION_LEVEL = "-O";
			};
			name = Release;
		};
		0D2010E425E7F7C1008911E9 /* Debug */ = {
			isa = XCBuildConfiguration;
			buildSettings = {
				ASSETCATALOG_COMPILER_APPICON_NAME = AppIcon;
				ASSETCATALOG_COMPILER_GLOBAL_ACCENT_COLOR_NAME = AccentColor;
				CODE_SIGN_STYLE = Automatic;
				DEVELOPMENT_TEAM = K89BVC8GF7;
				ENABLE_PREVIEWS = YES;
				INFOPLIST_FILE = iOS/Info.plist;
				IPHONEOS_DEPLOYMENT_TARGET = 14.0;
				LD_RUNPATH_SEARCH_PATHS = (
					"$(inherited)",
					"@executable_path/Frameworks",
				);
				PRODUCT_BUNDLE_IDENTIFIER = com.jerojeyen.SnapshotDemoTodoList;
				PRODUCT_NAME = SnapshotDemoTodoList;
				SDKROOT = iphoneos;
				SWIFT_VERSION = 5.0;
				TARGETED_DEVICE_FAMILY = "1,2";
			};
			name = Debug;
		};
		0D2010E525E7F7C1008911E9 /* Release */ = {
			isa = XCBuildConfiguration;
			buildSettings = {
				ASSETCATALOG_COMPILER_APPICON_NAME = AppIcon;
				ASSETCATALOG_COMPILER_GLOBAL_ACCENT_COLOR_NAME = AccentColor;
				CODE_SIGN_STYLE = Automatic;
				DEVELOPMENT_TEAM = K89BVC8GF7;
				ENABLE_PREVIEWS = YES;
				INFOPLIST_FILE = iOS/Info.plist;
				IPHONEOS_DEPLOYMENT_TARGET = 14.0;
				LD_RUNPATH_SEARCH_PATHS = (
					"$(inherited)",
					"@executable_path/Frameworks",
				);
				PRODUCT_BUNDLE_IDENTIFIER = com.jerojeyen.SnapshotDemoTodoList;
				PRODUCT_NAME = SnapshotDemoTodoList;
				SDKROOT = iphoneos;
				SWIFT_VERSION = 5.0;
				TARGETED_DEVICE_FAMILY = "1,2";
				VALIDATE_PRODUCT = YES;
			};
			name = Release;
		};
		0D20110B25E80543008911E9 /* Debug */ = {
			isa = XCBuildConfiguration;
			buildSettings = {
				BUNDLE_LOADER = "$(TEST_HOST)";
				CLANG_ENABLE_MODULES = YES;
				CODE_SIGN_STYLE = Automatic;
				DEVELOPMENT_TEAM = K89BVC8GF7;
				INFOPLIST_FILE = SnapshotDemoTodoListTests/Info.plist;
				IPHONEOS_DEPLOYMENT_TARGET = 14.4;
				LD_RUNPATH_SEARCH_PATHS = (
					"$(inherited)",
					"@executable_path/Frameworks",
					"@loader_path/Frameworks",
				);
				PRODUCT_BUNDLE_IDENTIFIER = com.jerojeyen.SnapshotDemoTodoListTests;
				PRODUCT_NAME = "$(TARGET_NAME)";
				SDKROOT = iphoneos;
				SWIFT_OPTIMIZATION_LEVEL = "-Onone";
				SWIFT_VERSION = 5.0;
				TARGETED_DEVICE_FAMILY = "1,2";
				TEST_HOST = "$(BUILT_PRODUCTS_DIR)/SnapshotDemoTodoList.app/SnapshotDemoTodoList";
			};
			name = Debug;
		};
		0D20110C25E80543008911E9 /* Release */ = {
			isa = XCBuildConfiguration;
			buildSettings = {
				BUNDLE_LOADER = "$(TEST_HOST)";
				CLANG_ENABLE_MODULES = YES;
				CODE_SIGN_STYLE = Automatic;
				DEVELOPMENT_TEAM = K89BVC8GF7;
				INFOPLIST_FILE = SnapshotDemoTodoListTests/Info.plist;
				IPHONEOS_DEPLOYMENT_TARGET = 14.4;
				LD_RUNPATH_SEARCH_PATHS = (
					"$(inherited)",
					"@executable_path/Frameworks",
					"@loader_path/Frameworks",
				);
				PRODUCT_BUNDLE_IDENTIFIER = com.jerojeyen.SnapshotDemoTodoListTests;
				PRODUCT_NAME = "$(TARGET_NAME)";
				SDKROOT = iphoneos;
				SWIFT_VERSION = 5.0;
				TARGETED_DEVICE_FAMILY = "1,2";
				TEST_HOST = "$(BUILT_PRODUCTS_DIR)/SnapshotDemoTodoList.app/SnapshotDemoTodoList";
				VALIDATE_PRODUCT = YES;
			};
			name = Release;
		};
/* End XCBuildConfiguration section */

/* Begin XCConfigurationList section */
		0D2010C625E7F7C0008911E9 /* Build configuration list for PBXProject "SnapshotDemoTodoList" */ = {
			isa = XCConfigurationList;
			buildConfigurations = (
				0D2010E125E7F7C1008911E9 /* Debug */,
				0D2010E225E7F7C1008911E9 /* Release */,
			);
			defaultConfigurationIsVisible = 0;
			defaultConfigurationName = Release;
		};
		0D2010E325E7F7C1008911E9 /* Build configuration list for PBXNativeTarget "SnapshotDemoTodoList (iOS)" */ = {
			isa = XCConfigurationList;
			buildConfigurations = (
				0D2010E425E7F7C1008911E9 /* Debug */,
				0D2010E525E7F7C1008911E9 /* Release */,
			);
			defaultConfigurationIsVisible = 0;
			defaultConfigurationName = Release;
		};
		0D20110A25E80543008911E9 /* Build configuration list for PBXNativeTarget "SnapshotDemoTodoListTests" */ = {
			isa = XCConfigurationList;
			buildConfigurations = (
				0D20110B25E80543008911E9 /* Debug */,
				0D20110C25E80543008911E9 /* Release */,
			);
			defaultConfigurationIsVisible = 0;
			defaultConfigurationName = Release;
		};
/* End XCConfigurationList section */

/* Begin XCRemoteSwiftPackageReference section */
		0D20110F25E805F8008911E9 /* XCRemoteSwiftPackageReference "swift-snapshot-testing" */ = {
			isa = XCRemoteSwiftPackageReference;
			repositoryURL = "https://github.com/pointfreeco/swift-snapshot-testing.git";
			requirement = {
				kind = upToNextMajorVersion;
				minimumVersion = 1.8.2;
			};
		};
/* End XCRemoteSwiftPackageReference section */

/* Begin XCSwiftPackageProductDependency section */
		0D20111025E805F8008911E9 /* SnapshotTesting */ = {
			isa = XCSwiftPackageProductDependency;
			package = 0D20110F25E805F8008911E9 /* XCRemoteSwiftPackageReference "swift-snapshot-testing" */;
			productName = SnapshotTesting;
		};
/* End XCSwiftPackageProductDependency section */
	};
	rootObject = 0D2010C325E7F7C0008911E9 /* Project object */;
}
